{
  "name": "mina-private-key-generator",
  "version": "1.0.0",
  "lockfileVersion": 3,
  "requires": true,
  "packages": {
    "": {
      "name": "mina-private-key-generator",
      "version": "1.0.0",
      "license": "MIT",
      "dependencies": {
        "@noble/curves": "^1.7.0",
        "@scure/bip32": "^1.6.0",
        "bip32": "^5.0.0-rc.0",
        "bip39": "^3.1.0",
        "bs58check": "^4.0.0",
        "tiny-secp256k1": "^2.2.3"
      }
    },
    "node_modules/@noble/curves": {
      "version": "1.7.0",
      "resolved": "https://registry.npmjs.org/@noble/curves/-/curves-1.7.0.tgz",
      "integrity": "sha512-UTMhXK9SeDhFJVrHeUJ5uZlI6ajXg10O6Ddocf9S6GjbSBVZsJo88HzKwXznNfGpMTRDyJkqMjNDPYgf0qFWnw==",
      "license": "MIT",
      "dependencies": {
        "@noble/hashes": "1.6.0"
      },
      "engines": {
        "node": "^14.21.3 || >=16"
      },
      "funding": {
        "url": "https://paulmillr.com/funding/"
      }
    },
    "node_modules/@noble/curves/node_modules/@noble/hashes": {
      "version": "1.6.0",
      "resolved": "https://registry.npmjs.org/@noble/hashes/-/hashes-1.6.0.tgz",
      "integrity": "sha512-YUULf0Uk4/mAA89w+k3+yUYh6NrEvxZa5T6SY3wlMvE2chHkxFUUIDI8/XW1QSC357iA5pSnqt7XEhvFOqmDyQ==",
      "license": "MIT",
      "engines": {
        "node": "^14.21.3 || >=16"
      },
      "funding": {
        "url": "https://paulmillr.com/funding/"
      }
    },
    "node_modules/@noble/hashes": {
      "version": "1.6.1",
      "resolved": "https://registry.npmjs.org/@noble/hashes/-/hashes-1.6.1.tgz",
      "integrity": "sha512-pq5D8h10hHBjyqX+cfBm0i8JUXJ0UhczFc4r74zbuT9XgewFo2E3J1cOaGtdZynILNmQ685YWGzGE1Zv6io50w==",
      "license": "MIT",
      "engines": {
        "node": "^14.21.3 || >=16"
      },
      "funding": {
        "url": "https://paulmillr.com/funding/"
      }
    },
    "node_modules/@scure/base": {
      "version": "1.2.1",
      "resolved": "https://registry.npmjs.org/@scure/base/-/base-1.2.1.tgz",
      "integrity": "sha512-DGmGtC8Tt63J5GfHgfl5CuAXh96VF/LD8K9Hr/Gv0J2lAoRGlPOMpqMpMbCTOoOJMZCk2Xt+DskdDyn6dEFdzQ==",
      "license": "MIT",
      "funding": {
        "url": "https://paulmillr.com/funding/"
      }
    },
    "node_modules/@scure/bip32": {
      "version": "1.6.0",
      "resolved": "https://registry.npmjs.org/@scure/bip32/-/bip32-1.6.0.tgz",
      "integrity": "sha512-82q1QfklrUUdXJzjuRU7iG7D7XiFx5PHYVS0+oeNKhyDLT7WPqs6pBcM2W5ZdwOwKCwoE1Vy1se+DHjcXwCYnA==",
      "license": "MIT",
      "dependencies": {
        "@noble/curves": "~1.7.0",
        "@noble/hashes": "~1.6.0",
        "@scure/base": "~1.2.1"
      },
      "funding": {
        "url": "https://paulmillr.com/funding/"
      }
    },
    "node_modules/base-x": {
      "version": "5.0.0",
      "resolved": "https://registry.npmjs.org/base-x/-/base-x-5.0.0.tgz",
      "integrity": "sha512-sMW3VGSX1QWVFA6l8U62MLKz29rRfpTlYdCqLdpLo1/Yd4zZwSbnUaDfciIAowAqvq7YFnWq9hrhdg1KYgc1lQ==",
      "license": "MIT"
    },
    "node_modules/bip32": {
      "version": "5.0.0-rc.0",
      "resolved": "https://registry.npmjs.org/bip32/-/bip32-5.0.0-rc.0.tgz",
      "integrity": "sha512-5hVFGrdCnF8GB1Lj2eEo4PRE7+jp+3xBLnfNjydivOkMvKmUKeJ9GG8uOy8prmWl3Oh154uzgfudR1FRkNBudA==",
      "license": "MIT",
      "dependencies": {
        "@noble/hashes": "^1.2.0",
        "@scure/base": "^1.1.1",
        "uint8array-tools": "^0.0.8",
        "valibot": "^0.37.0",
        "wif": "^5.0.0"
      },
      "engines": {
        "node": ">=18.0.0"
      }
    },
    "node_modules/bip39": {
      "version": "3.1.0",
      "resolved": "https://registry.npmjs.org/bip39/-/bip39-3.1.0.tgz",
      "integrity": "sha512-c9kiwdk45Do5GL0vJMe7tS95VjCii65mYAH7DfWl3uW8AVzXKQVUm64i3hzVybBDMp9r7j9iNxR85+ul8MdN/A==",
      "license": "ISC",
      "dependencies": {
        "@noble/hashes": "^1.2.0"
      }
    },
    "node_modules/bs58": {
      "version": "6.0.0",
      "resolved": "https://registry.npmjs.org/bs58/-/bs58-6.0.0.tgz",
      "integrity": "sha512-PD0wEnEYg6ijszw/u8s+iI3H17cTymlrwkKhDhPZq+Sokl3AU4htyBFTjAeNAlCCmg0f53g6ih3jATyCKftTfw==",
      "license": "MIT",
      "dependencies": {
        "base-x": "^5.0.0"
      }
    },
    "node_modules/bs58check": {
      "version": "4.0.0",
      "resolved": "https://registry.npmjs.org/bs58check/-/bs58check-4.0.0.tgz",
      "integrity": "sha512-FsGDOnFg9aVI9erdriULkd/JjEWONV/lQE5aYziB5PoBsXRind56lh8doIZIc9X4HoxT5x4bLjMWN1/NB8Zp5g==",
      "license": "MIT",
      "dependencies": {
        "@noble/hashes": "^1.2.0",
        "bs58": "^6.0.0"
      }
    },
    "node_modules/tiny-secp256k1": {
      "version": "2.2.3",
      "resolved": "https://registry.npmjs.org/tiny-secp256k1/-/tiny-secp256k1-2.2.3.tgz",
      "integrity": "sha512-SGcL07SxcPN2nGKHTCvRMkQLYPSoeFcvArUSCYtjVARiFAWU44cCIqYS0mYAU6nY7XfvwURuTIGo2Omt3ZQr0Q==",
      "license": "MIT",
      "dependencies": {
        "uint8array-tools": "0.0.7"
      },
      "engines": {
        "node": ">=14.0.0"
      }
    },
    "node_modules/tiny-secp256k1/node_modules/uint8array-tools": {
      "version": "0.0.7",
      "resolved": "https://registry.npmjs.org/uint8array-tools/-/uint8array-tools-0.0.7.tgz",
      "integrity": "sha512-vrrNZJiusLWoFWBqz5Y5KMCgP9W9hnjZHzZiZRT8oNAkq3d5Z5Oe76jAvVVSRh4U8GGR90N2X1dWtrhvx6L8UQ==",
      "license": "MIT",
      "engines": {
        "node": ">=14.0.0"
      }
    },
    "node_modules/uint8array-tools": {
      "version": "0.0.8",
      "resolved": "https://registry.npmjs.org/uint8array-tools/-/uint8array-tools-0.0.8.tgz",
      "integrity": "sha512-xS6+s8e0Xbx++5/0L+yyexukU7pz//Yg6IHg3BKhXotg1JcYtgxVcUctQ0HxLByiJzpAkNFawz1Nz5Xadzo82g==",
      "license": "MIT",
      "engines": {
        "node": ">=14.0.0"
      }
    },
    "node_modules/valibot": {
      "version": "0.37.0",
      "resolved": "https://registry.npmjs.org/valibot/-/valibot-0.37.0.tgz",
      "integrity": "sha512-FQz52I8RXgFgOHym3XHYSREbNtkgSjF9prvMFH1nBsRyfL6SfCzoT1GuSDTlbsuPubM7/6Kbw0ZMQb8A+V+VsQ==",
      "license": "MIT",
      "peerDependencies": {
        "typescript": ">=5"
      },
      "peerDependenciesMeta": {
        "typescript": {
          "optional": true
        }
      }
    },
    "node_modules/wif": {
      "version": "5.0.0",
      "resolved": "https://registry.npmjs.org/wif/-/wif-5.0.0.tgz",
      "integrity": "sha512-iFzrC/9ne740qFbNjTZ2FciSRJlHIXoxqk/Y5EnE08QOXu1WjJyCCswwDTYbohAOEnlCtLaAAQBhyaLRFh2hMA==",
      "license": "MIT",
      "dependencies": {
        "bs58check": "^4.0.0"
      }
    }
  }
}
